
Microsoft Visual Studio Solution File, Format Version 12.00
# Visual Studio Version 17
VisualStudioVersion = 17.8.34330.188
MinimumVisualStudioVersion = 10.0.40219.1
Project("{FAE04EC0-301F-11D3-BF4B-00C04F79EFBC}") = "Mission5Assignment", "Mission5Assignment\Mission5Assignment.csproj", "{49A31996-25CD-40A8-B628-B5DBCB1D7892}"
EndProject
Global
	GlobalSection(SolutionConfigurationPlatforms) = preSolution
		Debug|Any CPU = Debug|Any CPU
		Release|Any CPU = Release|Any CPU
	EndGlobalSection
	GlobalSection(ProjectConfigurationPlatforms) = postSolution
		{49A31996-25CD-40A8-B628-B5DBCB1D7892}.Debug|Any CPU.ActiveCfg = Debug|Any CPU
		{49A31996-25CD-40A8-B628-B5DBCB1D7892}.Debug|Any CPU.Build.0 = Debug|Any CPU
		{49A31996-25CD-40A8-B628-B5DBCB1D7892}.Release|Any CPU.ActiveCfg = Release|Any CPU
		{49A31996-25CD-40A8-B628-B5DBCB1D7892}.Release|Any CPU.Build.0 = Release|Any CPU
	EndGlobalSection
	GlobalSection(SolutionProperties) = preSolution
		HideSolutionNode = FALSE
	EndGlobalSection
	GlobalSection(ExtensibilityGlobals) = postSolution
		SolutionGuid = {2201AC73-C41C-479D-B280-3FC2CB067779}
	EndGlobalSection
EndGlobal
